// !$*UTF8*$!
{
	archiveVersion = 1;
	classes = {
	};
	objectVersion = 56;
	objects = {

/* Begin PBXBuildFile section */
		D0505A862A1D88FB00286145 /* AppDelegate.swift in Sources */ = {isa = PBXBuildFile; fileRef = D0505A852A1D88FB00286145 /* AppDelegate.swift */; };
		D0505A882A1D88FB00286145 /* SceneDelegate.swift in Sources */ = {isa = PBXBuildFile; fileRef = D0505A872A1D88FB00286145 /* SceneDelegate.swift */; };
		D0505A8D2A1D88FB00286145 /* Main.storyboard in Resources */ = {isa = PBXBuildFile; fileRef = D0505A8B2A1D88FB00286145 /* Main.storyboard */; };
		D0505A8F2A1D88FD00286145 /* Assets.xcassets in Resources */ = {isa = PBXBuildFile; fileRef = D0505A8E2A1D88FD00286145 /* Assets.xcassets */; };
		D0505A922A1D88FD00286145 /* LaunchScreen.storyboard in Resources */ = {isa = PBXBuildFile; fileRef = D0505A902A1D88FD00286145 /* LaunchScreen.storyboard */; };
		D0505A9D2A1EC86300286145 /* Coin.swift in Sources */ = {isa = PBXBuildFile; fileRef = D0505A9C2A1EC86300286145 /* Coin.swift */; };
		D0505A9F2A1EC87000286145 /* CoinDetails.swift in Sources */ = {isa = PBXBuildFile; fileRef = D0505A9E2A1EC87000286145 /* CoinDetails.swift */; };
		D0505AA52A1EC8F000286145 /* LoginViewController.swift in Sources */ = {isa = PBXBuildFile; fileRef = D0505AA42A1EC8F000286145 /* LoginViewController.swift */; };
		D0505AA72A1EC91700286145 /* LoginViewProtocol.swift in Sources */ = {isa = PBXBuildFile; fileRef = D0505AA62A1EC91700286145 /* LoginViewProtocol.swift */; };
		D0505AA92A1EC92D00286145 /* CoinsListViewController.swift in Sources */ = {isa = PBXBuildFile; fileRef = D0505AA82A1EC92D00286145 /* CoinsListViewController.swift */; };
		D0505AAB2A1EC93800286145 /* CoinsListViewProtocol.swift in Sources */ = {isa = PBXBuildFile; fileRef = D0505AAA2A1EC93800286145 /* CoinsListViewProtocol.swift */; };
		D0505AAD2A1EC94500286145 /* CoinTableViewCell.swift in Sources */ = {isa = PBXBuildFile; fileRef = D0505AAC2A1EC94500286145 /* CoinTableViewCell.swift */; };
		D0505AAF2A1EC95900286145 /* CoinDetailsViewController.swift in Sources */ = {isa = PBXBuildFile; fileRef = D0505AAE2A1EC95900286145 /* CoinDetailsViewController.swift */; };
		D0505AB12A1EC96500286145 /* CoinDetailsViewProtocol.swift in Sources */ = {isa = PBXBuildFile; fileRef = D0505AB02A1EC96500286145 /* CoinDetailsViewProtocol.swift */; };
		D0505AB72A1EC9D400286145 /* LoginPresenter.swift in Sources */ = {isa = PBXBuildFile; fileRef = D0505AB62A1EC9D400286145 /* LoginPresenter.swift */; };
		D0505AB92A1EC9DF00286145 /* LoginPresenterProtocol.swift in Sources */ = {isa = PBXBuildFile; fileRef = D0505AB82A1EC9DF00286145 /* LoginPresenterProtocol.swift */; };
		D0505ABB2A1EC9EE00286145 /* CoinsListPresenter.swift in Sources */ = {isa = PBXBuildFile; fileRef = D0505ABA2A1EC9EE00286145 /* CoinsListPresenter.swift */; };
		D0505ABD2A1EC9F800286145 /* CoinsListPresenterProtocol.swift in Sources */ = {isa = PBXBuildFile; fileRef = D0505ABC2A1EC9F800286145 /* CoinsListPresenterProtocol.swift */; };
		D0505ABF2A1ECA0C00286145 /* CoinDetailsPresenter.swift in Sources */ = {isa = PBXBuildFile; fileRef = D0505ABE2A1ECA0C00286145 /* CoinDetailsPresenter.swift */; };
		D0505AC12A1ECA1700286145 /* CoinDetailsPresenterProtocol.swift in Sources */ = {isa = PBXBuildFile; fileRef = D0505AC02A1ECA1700286145 /* CoinDetailsPresenterProtocol.swift */; };
		D0505AC52A1ECA7D00286145 /* SceneRouter.swift in Sources */ = {isa = PBXBuildFile; fileRef = D0505AC42A1ECA7D00286145 /* SceneRouter.swift */; };
		D0505AC72A1ECA8C00286145 /* RouterProtocol.swift in Sources */ = {isa = PBXBuildFile; fileRef = D0505AC62A1ECA8C00286145 /* RouterProtocol.swift */; };
		D0505AC92A1ECA9F00286145 /* NetworkService.swift in Sources */ = {isa = PBXBuildFile; fileRef = D0505AC82A1ECA9F00286145 /* NetworkService.swift */; };
		D0505ACB2A1ECAAA00286145 /* AuthService.swift in Sources */ = {isa = PBXBuildFile; fileRef = D0505ACA2A1ECAAA00286145 /* AuthService.swift */; };
/* End PBXBuildFile section */

/* Begin PBXFileReference section */
		D0505A822A1D88FB00286145 /* CryptoTracker.app */ = {isa = PBXFileReference; explicitFileType = wrapper.application; includeInIndex = 0; path = CryptoTracker.app; sourceTree = BUILT_PRODUCTS_DIR; };
		D0505A852A1D88FB00286145 /* AppDelegate.swift */ = {isa = PBXFileReference; lastKnownFileType = sourcecode.swift; path = AppDelegate.swift; sourceTree = "<group>"; };
		D0505A872A1D88FB00286145 /* SceneDelegate.swift */ = {isa = PBXFileReference; lastKnownFileType = sourcecode.swift; path = SceneDelegate.swift; sourceTree = "<group>"; };
		D0505A8C2A1D88FB00286145 /* Base */ = {isa = PBXFileReference; lastKnownFileType = file.storyboard; name = Base; path = Base.lproj/Main.storyboard; sourceTree = "<group>"; };
		D0505A8E2A1D88FD00286145 /* Assets.xcassets */ = {isa = PBXFileReference; lastKnownFileType = folder.assetcatalog; path = Assets.xcassets; sourceTree = "<group>"; };
		D0505A912A1D88FD00286145 /* Base */ = {isa = PBXFileReference; lastKnownFileType = file.storyboard; name = Base; path = Base.lproj/LaunchScreen.storyboard; sourceTree = "<group>"; };
		D0505A932A1D88FD00286145 /* Info.plist */ = {isa = PBXFileReference; lastKnownFileType = text.plist.xml; path = Info.plist; sourceTree = "<group>"; };
		D0505A9C2A1EC86300286145 /* Coin.swift */ = {isa = PBXFileReference; lastKnownFileType = sourcecode.swift; path = Coin.swift; sourceTree = "<group>"; };
		D0505A9E2A1EC87000286145 /* CoinDetails.swift */ = {isa = PBXFileReference; lastKnownFileType = sourcecode.swift; path = CoinDetails.swift; sourceTree = "<group>"; };
		D0505AA42A1EC8F000286145 /* LoginViewController.swift */ = {isa = PBXFileReference; lastKnownFileType = sourcecode.swift; path = LoginViewController.swift; sourceTree = "<group>"; };
		D0505AA62A1EC91700286145 /* LoginViewProtocol.swift */ = {isa = PBXFileReference; lastKnownFileType = sourcecode.swift; path = LoginViewProtocol.swift; sourceTree = "<group>"; };
		D0505AA82A1EC92D00286145 /* CoinsListViewController.swift */ = {isa = PBXFileReference; lastKnownFileType = sourcecode.swift; path = CoinsListViewController.swift; sourceTree = "<group>"; };
		D0505AAA2A1EC93800286145 /* CoinsListViewProtocol.swift */ = {isa = PBXFileReference; lastKnownFileType = sourcecode.swift; path = CoinsListViewProtocol.swift; sourceTree = "<group>"; };
		D0505AAC2A1EC94500286145 /* CoinTableViewCell.swift */ = {isa = PBXFileReference; lastKnownFileType = sourcecode.swift; path = CoinTableViewCell.swift; sourceTree = "<group>"; };
		D0505AAE2A1EC95900286145 /* CoinDetailsViewController.swift */ = {isa = PBXFileReference; lastKnownFileType = sourcecode.swift; path = CoinDetailsViewController.swift; sourceTree = "<group>"; };
		D0505AB02A1EC96500286145 /* CoinDetailsViewProtocol.swift */ = {isa = PBXFileReference; lastKnownFileType = sourcecode.swift; path = CoinDetailsViewProtocol.swift; sourceTree = "<group>"; };
		D0505AB62A1EC9D400286145 /* LoginPresenter.swift */ = {isa = PBXFileReference; lastKnownFileType = sourcecode.swift; path = LoginPresenter.swift; sourceTree = "<group>"; };
		D0505AB82A1EC9DF00286145 /* LoginPresenterProtocol.swift */ = {isa = PBXFileReference; lastKnownFileType = sourcecode.swift; path = LoginPresenterProtocol.swift; sourceTree = "<group>"; };
		D0505ABA2A1EC9EE00286145 /* CoinsListPresenter.swift */ = {isa = PBXFileReference; lastKnownFileType = sourcecode.swift; path = CoinsListPresenter.swift; sourceTree = "<group>"; };
		D0505ABC2A1EC9F800286145 /* CoinsListPresenterProtocol.swift */ = {isa = PBXFileReference; lastKnownFileType = sourcecode.swift; path = CoinsListPresenterProtocol.swift; sourceTree = "<group>"; };
		D0505ABE2A1ECA0C00286145 /* CoinDetailsPresenter.swift */ = {isa = PBXFileReference; lastKnownFileType = sourcecode.swift; path = CoinDetailsPresenter.swift; sourceTree = "<group>"; };
		D0505AC02A1ECA1700286145 /* CoinDetailsPresenterProtocol.swift */ = {isa = PBXFileReference; lastKnownFileType = sourcecode.swift; path = CoinDetailsPresenterProtocol.swift; sourceTree = "<group>"; };
		D0505AC42A1ECA7D00286145 /* SceneRouter.swift */ = {isa = PBXFileReference; lastKnownFileType = sourcecode.swift; path = SceneRouter.swift; sourceTree = "<group>"; };
		D0505AC62A1ECA8C00286145 /* RouterProtocol.swift */ = {isa = PBXFileReference; lastKnownFileType = sourcecode.swift; path = RouterProtocol.swift; sourceTree = "<group>"; };
		D0505AC82A1ECA9F00286145 /* NetworkService.swift */ = {isa = PBXFileReference; lastKnownFileType = sourcecode.swift; path = NetworkService.swift; sourceTree = "<group>"; };
		D0505ACA2A1ECAAA00286145 /* AuthService.swift */ = {isa = PBXFileReference; lastKnownFileType = sourcecode.swift; path = AuthService.swift; sourceTree = "<group>"; };
/* End PBXFileReference section */

/* Begin PBXFrameworksBuildPhase section */
		D0505A7F2A1D88FB00286145 /* Frameworks */ = {
			isa = PBXFrameworksBuildPhase;
			buildActionMask = 2147483647;
			files = (
			);
			runOnlyForDeploymentPostprocessing = 0;
		};
/* End PBXFrameworksBuildPhase section */

/* Begin PBXGroup section */
		D0505A792A1D88FB00286145 = {
			isa = PBXGroup;
			children = (
				D0505A842A1D88FB00286145 /* CryptoTracker */,
				D0505A832A1D88FB00286145 /* Products */,
			);
			sourceTree = "<group>";
		};
		D0505A832A1D88FB00286145 /* Products */ = {
			isa = PBXGroup;
			children = (
				D0505A822A1D88FB00286145 /* CryptoTracker.app */,
			);
			name = Products;
			sourceTree = "<group>";
		};
		D0505A842A1D88FB00286145 /* CryptoTracker */ = {
			isa = PBXGroup;
			children = (
				D0505A9B2A1EC85400286145 /* Models */,
				D0505AA02A1EC87900286145 /* Views */,
				D0505AB22A1EC99B00286145 /* Presenters */,
				D0505AC32A1ECA4400286145 /* Router */,
				D0505AC22A1ECA3D00286145 /* Services */,
				D0505A9A2A1EC77D00286145 /* Application */,
				D0505A992A1EC76200286145 /* Resources */,
				D0505A8B2A1D88FB00286145 /* Main.storyboard */,
			);
			path = CryptoTracker;
			sourceTree = "<group>";
		};
		D0505A992A1EC76200286145 /* Resources */ = {
			isa = PBXGroup;
			children = (
				D0505A8E2A1D88FD00286145 /* Assets.xcassets */,
				D0505A902A1D88FD00286145 /* LaunchScreen.storyboard */,
				D0505A932A1D88FD00286145 /* Info.plist */,
			);
			path = Resources;
			sourceTree = "<group>";
		};
		D0505A9A2A1EC77D00286145 /* Application */ = {
			isa = PBXGroup;
			children = (
				D0505A852A1D88FB00286145 /* AppDelegate.swift */,
				D0505A872A1D88FB00286145 /* SceneDelegate.swift */,
			);
			path = Application;
			sourceTree = "<group>";
		};
		D0505A9B2A1EC85400286145 /* Models */ = {
			isa = PBXGroup;
			children = (
				D0505A9C2A1EC86300286145 /* Coin.swift */,
				D0505A9E2A1EC87000286145 /* CoinDetails.swift */,
			);
			path = Models;
			sourceTree = "<group>";
		};
		D0505AA02A1EC87900286145 /* Views */ = {
			isa = PBXGroup;
			children = (
				D0505AA12A1EC88700286145 /* Login */,
				D0505AA22A1EC89000286145 /* CoinsList */,
				D0505AA32A1EC8A800286145 /* CoinDetails */,
			);
			path = Views;
			sourceTree = "<group>";
		};
		D0505AA12A1EC88700286145 /* Login */ = {
			isa = PBXGroup;
			children = (
				D0505AA42A1EC8F000286145 /* LoginViewController.swift */,
				D0505AA62A1EC91700286145 /* LoginViewProtocol.swift */,
			);
			path = Login;
			sourceTree = "<group>";
		};
		D0505AA22A1EC89000286145 /* CoinsList */ = {
			isa = PBXGroup;
			children = (
				D0505AA82A1EC92D00286145 /* CoinsListViewController.swift */,
				D0505AAA2A1EC93800286145 /* CoinsListViewProtocol.swift */,
				D0505AAC2A1EC94500286145 /* CoinTableViewCell.swift */,
			);
			path = CoinsList;
			sourceTree = "<group>";
		};
		D0505AA32A1EC8A800286145 /* CoinDetails */ = {
			isa = PBXGroup;
			children = (
				D0505AAE2A1EC95900286145 /* CoinDetailsViewController.swift */,
				D0505AB02A1EC96500286145 /* CoinDetailsViewProtocol.swift */,
			);
			path = CoinDetails;
			sourceTree = "<group>";
		};
		D0505AB22A1EC99B00286145 /* Presenters */ = {
			isa = PBXGroup;
			children = (
				D0505AB52A1EC9BB00286145 /* CoinDetails */,
				D0505AB42A1EC9B200286145 /* CoinsList */,
				D0505AB32A1EC9AC00286145 /* Login */,
			);
			path = Presenters;
			sourceTree = "<group>";
		};
		D0505AB32A1EC9AC00286145 /* Login */ = {
			isa = PBXGroup;
			children = (
				D0505AB62A1EC9D400286145 /* LoginPresenter.swift */,
				D0505AB82A1EC9DF00286145 /* LoginPresenterProtocol.swift */,
			);
			path = Login;
			sourceTree = "<group>";
		};
		D0505AB42A1EC9B200286145 /* CoinsList */ = {
			isa = PBXGroup;
			children = (
				D0505ABA2A1EC9EE00286145 /* CoinsListPresenter.swift */,
				D0505ABC2A1EC9F800286145 /* CoinsListPresenterProtocol.swift */,
			);
			path = CoinsList;
			sourceTree = "<group>";
		};
		D0505AB52A1EC9BB00286145 /* CoinDetails */ = {
			isa = PBXGroup;
			children = (
				D0505ABE2A1ECA0C00286145 /* CoinDetailsPresenter.swift */,
				D0505AC02A1ECA1700286145 /* CoinDetailsPresenterProtocol.swift */,
			);
			path = CoinDetails;
			sourceTree = "<group>";
		};
		D0505AC22A1ECA3D00286145 /* Services */ = {
			isa = PBXGroup;
			children = (
				D0505AC82A1ECA9F00286145 /* NetworkService.swift */,
				D0505ACA2A1ECAAA00286145 /* AuthService.swift */,
			);
			path = Services;
			sourceTree = "<group>";
		};
		D0505AC32A1ECA4400286145 /* Router */ = {
			isa = PBXGroup;
			children = (
				D0505AC42A1ECA7D00286145 /* SceneRouter.swift */,
				D0505AC62A1ECA8C00286145 /* RouterProtocol.swift */,
			);
			path = Router;
			sourceTree = "<group>";
		};
/* End PBXGroup section */

/* Begin PBXNativeTarget section */
		D0505A812A1D88FB00286145 /* CryptoTracker */ = {
			isa = PBXNativeTarget;
			buildConfigurationList = D0505A962A1D88FD00286145 /* Build configuration list for PBXNativeTarget "CryptoTracker" */;
			buildPhases = (
				D0505A7E2A1D88FB00286145 /* Sources */,
				D0505A7F2A1D88FB00286145 /* Frameworks */,
				D0505A802A1D88FB00286145 /* Resources */,
			);
			buildRules = (
			);
			dependencies = (
			);
			name = CryptoTracker;
			productName = CryptoTracker;
			productReference = D0505A822A1D88FB00286145 /* CryptoTracker.app */;
			productType = "com.apple.product-type.application";
		};
/* End PBXNativeTarget section */

/* Begin PBXProject section */
		D0505A7A2A1D88FB00286145 /* Project object */ = {
			isa = PBXProject;
			attributes = {
				BuildIndependentTargetsInParallel = 1;
				LastSwiftUpdateCheck = 1430;
				LastUpgradeCheck = 1430;
				TargetAttributes = {
					D0505A812A1D88FB00286145 = {
						CreatedOnToolsVersion = 14.3;
					};
				};
			};
			buildConfigurationList = D0505A7D2A1D88FB00286145 /* Build configuration list for PBXProject "CryptoTracker" */;
			compatibilityVersion = "Xcode 14.0";
			developmentRegion = en;
			hasScannedForEncodings = 0;
			knownRegions = (
				en,
				Base,
			);
			mainGroup = D0505A792A1D88FB00286145;
			productRefGroup = D0505A832A1D88FB00286145 /* Products */;
			projectDirPath = "";
			projectRoot = "";
			targets = (
				D0505A812A1D88FB00286145 /* CryptoTracker */,
			);
		};
/* End PBXProject section */

/* Begin PBXResourcesBuildPhase section */
		D0505A802A1D88FB00286145 /* Resources */ = {
			isa = PBXResourcesBuildPhase;
			buildActionMask = 2147483647;
			files = (
				D0505A922A1D88FD00286145 /* LaunchScreen.storyboard in Resources */,
				D0505A8F2A1D88FD00286145 /* Assets.xcassets in Resources */,
				D0505A8D2A1D88FB00286145 /* Main.storyboard in Resources */,
			);
			runOnlyForDeploymentPostprocessing = 0;
		};
/* End PBXResourcesBuildPhase section */

/* Begin PBXSourcesBuildPhase section */
		D0505A7E2A1D88FB00286145 /* Sources */ = {
			isa = PBXSourcesBuildPhase;
			buildActionMask = 2147483647;
			files = (
				D0505AC12A1ECA1700286145 /* CoinDetailsPresenterProtocol.swift in Sources */,
				D0505AA72A1EC91700286145 /* LoginViewProtocol.swift in Sources */,
				D0505AC72A1ECA8C00286145 /* RouterProtocol.swift in Sources */,
				D0505AA52A1EC8F000286145 /* LoginViewController.swift in Sources */,
				D0505AAB2A1EC93800286145 /* CoinsListViewProtocol.swift in Sources */,
				D0505ACB2A1ECAAA00286145 /* AuthService.swift in Sources */,
				D0505AAF2A1EC95900286145 /* CoinDetailsViewController.swift in Sources */,
				D0505AAD2A1EC94500286145 /* CoinTableViewCell.swift in Sources */,
				D0505AC52A1ECA7D00286145 /* SceneRouter.swift in Sources */,
				D0505AB92A1EC9DF00286145 /* LoginPresenterProtocol.swift in Sources */,
				D0505A862A1D88FB00286145 /* AppDelegate.swift in Sources */,
				D0505A9D2A1EC86300286145 /* Coin.swift in Sources */,
				D0505AB72A1EC9D400286145 /* LoginPresenter.swift in Sources */,
				D0505AC92A1ECA9F00286145 /* NetworkService.swift in Sources */,
				D0505ABD2A1EC9F800286145 /* CoinsListPresenterProtocol.swift in Sources */,
				D0505AB12A1EC96500286145 /* CoinDetailsViewProtocol.swift in Sources */,
				D0505ABB2A1EC9EE00286145 /* CoinsListPresenter.swift in Sources */,
				D0505ABF2A1ECA0C00286145 /* CoinDetailsPresenter.swift in Sources */,
				D0505A882A1D88FB00286145 /* SceneDelegate.swift in Sources */,
				D0505A9F2A1EC87000286145 /* CoinDetails.swift in Sources */,
				D0505AA92A1EC92D00286145 /* CoinsListViewController.swift in Sources */,
			);
			runOnlyForDeploymentPostprocessing = 0;
		};
/* End PBXSourcesBuildPhase section */

/* Begin PBXVariantGroup section */
		D0505A8B2A1D88FB00286145 /* Main.storyboard */ = {
			isa = PBXVariantGroup;
			children = (
				D0505A8C2A1D88FB00286145 /* Base */,
			);
			name = Main.storyboard;
			sourceTree = "<group>";
		};
		D0505A902A1D88FD00286145 /* LaunchScreen.storyboard */ = {
			isa = PBXVariantGroup;
			children = (
				D0505A912A1D88FD00286145 /* Base */,
			);
			name = LaunchScreen.storyboard;
			sourceTree = "<group>";
		};
/* End PBXVariantGroup section */

/* Begin XCBuildConfiguration section */
		D0505A942A1D88FD00286145 /* Debug */ = {
			isa = XCBuildConfiguration;
			buildSettings = {
				ALWAYS_SEARCH_USER_PATHS = NO;
				CLANG_ANALYZER_NONNULL = YES;
				CLANG_ANALYZER_NUMBER_OBJECT_CONVERSION = YES_AGGRESSIVE;
				CLANG_CXX_LANGUAGE_STANDARD = "gnu++20";
				CLANG_ENABLE_MODULES = YES;
				CLANG_ENABLE_OBJC_ARC = YES;
				CLANG_ENABLE_OBJC_WEAK = YES;
				CLANG_WARN_BLOCK_CAPTURE_AUTORELEASING = YES;
				CLANG_WARN_BOOL_CONVERSION = YES;
				CLANG_WARN_COMMA = YES;
				CLANG_WARN_CONSTANT_CONVERSION = YES;
				CLANG_WARN_DEPRECATED_OBJC_IMPLEMENTATIONS = YES;
				CLANG_WARN_DIRECT_OBJC_ISA_USAGE = YES_ERROR;
				CLANG_WARN_DOCUMENTATION_COMMENTS = YES;
				CLANG_WARN_EMPTY_BODY = YES;
				CLANG_WARN_ENUM_CONVERSION = YES;
				CLANG_WARN_INFINITE_RECURSION = YES;
				CLANG_WARN_INT_CONVERSION = YES;
				CLANG_WARN_NON_LITERAL_NULL_CONVERSION = YES;
				CLANG_WARN_OBJC_IMPLICIT_RETAIN_SELF = YES;
				CLANG_WARN_OBJC_LITERAL_CONVERSION = YES;
				CLANG_WARN_OBJC_ROOT_CLASS = YES_ERROR;
				CLANG_WARN_QUOTED_INCLUDE_IN_FRAMEWORK_HEADER = YES;
				CLANG_WARN_RANGE_LOOP_ANALYSIS = YES;
				CLANG_WARN_STRICT_PROTOTYPES = YES;
				CLANG_WARN_SUSPICIOUS_MOVE = YES;
				CLANG_WARN_UNGUARDED_AVAILABILITY = YES_AGGRESSIVE;
				CLANG_WARN_UNREACHABLE_CODE = YES;
				CLANG_WARN__DUPLICATE_METHOD_MATCH = YES;
				COPY_PHASE_STRIP = NO;
				DEBUG_INFORMATION_FORMAT = dwarf;
				ENABLE_STRICT_OBJC_MSGSEND = YES;
				ENABLE_TESTABILITY = YES;
				GCC_C_LANGUAGE_STANDARD = gnu11;
				GCC_DYNAMIC_NO_PIC = NO;
				GCC_NO_COMMON_BLOCKS = YES;
				GCC_OPTIMIZATION_LEVEL = 0;
				GCC_PREPROCESSOR_DEFINITIONS = (
					"DEBUG=1",
					"$(inherited)",
				);
				GCC_WARN_64_TO_32_BIT_CONVERSION = YES;
				GCC_WARN_ABOUT_RETURN_TYPE = YES_ERROR;
				GCC_WARN_UNDECLARED_SELECTOR = YES;
				GCC_WARN_UNINITIALIZED_AUTOS = YES_AGGRESSIVE;
				GCC_WARN_UNUSED_FUNCTION = YES;
				GCC_WARN_UNUSED_VARIABLE = YES;
				IPHONEOS_DEPLOYMENT_TARGET = 16.4;
				MTL_ENABLE_DEBUG_INFO = INCLUDE_SOURCE;
				MTL_FAST_MATH = YES;
				ONLY_ACTIVE_ARCH = YES;
				SDKROOT = iphoneos;
				SWIFT_ACTIVE_COMPILATION_CONDITIONS = DEBUG;
				SWIFT_OPTIMIZATION_LEVEL = "-Onone";
			};
			name = Debug;
		};
		D0505A952A1D88FD00286145 /* Release */ = {
			isa = XCBuildConfiguration;
			buildSettings = {
				ALWAYS_SEARCH_USER_PATHS = NO;
				CLANG_ANALYZER_NONNULL = YES;
				CLANG_ANALYZER_NUMBER_OBJECT_CONVERSION = YES_AGGRESSIVE;
				CLANG_CXX_LANGUAGE_STANDARD = "gnu++20";
				CLANG_ENABLE_MODULES = YES;
				CLANG_ENABLE_OBJC_ARC = YES;
				CLANG_ENABLE_OBJC_WEAK = YES;
				CLANG_WARN_BLOCK_CAPTURE_AUTORELEASING = YES;
				CLANG_WARN_BOOL_CONVERSION = YES;
				CLANG_WARN_COMMA = YES;
				CLANG_WARN_CONSTANT_CONVERSION = YES;
				CLANG_WARN_DEPRECATED_OBJC_IMPLEMENTATIONS = YES;
				CLANG_WARN_DIRECT_OBJC_ISA_USAGE = YES_ERROR;
				CLANG_WARN_DOCUMENTATION_COMMENTS = YES;
				CLANG_WARN_EMPTY_BODY = YES;
				CLANG_WARN_ENUM_CONVERSION = YES;
				CLANG_WARN_INFINITE_RECURSION = YES;
				CLANG_WARN_INT_CONVERSION = YES;
				CLANG_WARN_NON_LITERAL_NULL_CONVERSION = YES;
				CLANG_WARN_OBJC_IMPLICIT_RETAIN_SELF = YES;
				CLANG_WARN_OBJC_LITERAL_CONVERSION = YES;
				CLANG_WARN_OBJC_ROOT_CLASS = YES_ERROR;
				CLANG_WARN_QUOTED_INCLUDE_IN_FRAMEWORK_HEADER = YES;
				CLANG_WARN_RANGE_LOOP_ANALYSIS = YES;
				CLANG_WARN_STRICT_PROTOTYPES = YES;
				CLANG_WARN_SUSPICIOUS_MOVE = YES;
				CLANG_WARN_UNGUARDED_AVAILABILITY = YES_AGGRESSIVE;
				CLANG_WARN_UNREACHABLE_CODE = YES;
				CLANG_WARN__DUPLICATE_METHOD_MATCH = YES;
				COPY_PHASE_STRIP = NO;
				DEBUG_INFORMATION_FORMAT = "dwarf-with-dsym";
				ENABLE_NS_ASSERTIONS = NO;
				ENABLE_STRICT_OBJC_MSGSEND = YES;
				GCC_C_LANGUAGE_STANDARD = gnu11;
				GCC_NO_COMMON_BLOCKS = YES;
				GCC_WARN_64_TO_32_BIT_CONVERSION = YES;
				GCC_WARN_ABOUT_RETURN_TYPE = YES_ERROR;
				GCC_WARN_UNDECLARED_SELECTOR = YES;
				GCC_WARN_UNINITIALIZED_AUTOS = YES_AGGRESSIVE;
				GCC_WARN_UNUSED_FUNCTION = YES;
				GCC_WARN_UNUSED_VARIABLE = YES;
				IPHONEOS_DEPLOYMENT_TARGET = 16.4;
				MTL_ENABLE_DEBUG_INFO = NO;
				MTL_FAST_MATH = YES;
				SDKROOT = iphoneos;
				SWIFT_COMPILATION_MODE = wholemodule;
				SWIFT_OPTIMIZATION_LEVEL = "-O";
				VALIDATE_PRODUCT = YES;
			};
			name = Release;
		};
		D0505A972A1D88FD00286145 /* Debug */ = {
			isa = XCBuildConfiguration;
			buildSettings = {
				ASSETCATALOG_COMPILER_APPICON_NAME = AppIcon;
				ASSETCATALOG_COMPILER_GLOBAL_ACCENT_COLOR_NAME = AccentColor;
				CODE_SIGN_STYLE = Automatic;
				CURRENT_PROJECT_VERSION = 1;
				GENERATE_INFOPLIST_FILE = YES;
				INFOPLIST_FILE = CryptoTracker/Resources/Info.plist;
				INFOPLIST_KEY_UIApplicationSupportsIndirectInputEvents = YES;
				INFOPLIST_KEY_UILaunchStoryboardName = LaunchScreen;
				INFOPLIST_KEY_UIMainStoryboardFile = Main;
				INFOPLIST_KEY_UISupportedInterfaceOrientations_iPad = "UIInterfaceOrientationPortrait UIInterfaceOrientationPortraitUpsideDown UIInterfaceOrientationLandscapeLeft UIInterfaceOrientationLandscapeRight";
				INFOPLIST_KEY_UISupportedInterfaceOrientations_iPhone = "UIInterfaceOrientationPortrait UIInterfaceOrientationLandscapeLeft UIInterfaceOrientationLandscapeRight";
				LD_RUNPATH_SEARCH_PATHS = (
					"$(inherited)",
					"@executable_path/Frameworks",
				);
				MARKETING_VERSION = 1.0;
				PRODUCT_BUNDLE_IDENTIFIER = superilusha.CryptoTracker;
				PRODUCT_NAME = "$(TARGET_NAME)";
				SWIFT_EMIT_LOC_STRINGS = YES;
				SWIFT_VERSION = 5.0;
				TARGETED_DEVICE_FAMILY = "1,2";
			};
			name = Debug;
		};
		D0505A982A1D88FD00286145 /* Release */ = {
			isa = XCBuildConfiguration;
			buildSettings = {
				ASSETCATALOG_COMPILER_APPICON_NAME = AppIcon;
				ASSETCATALOG_COMPILER_GLOBAL_ACCENT_COLOR_NAME = AccentColor;
				CODE_SIGN_STYLE = Automatic;
				CURRENT_PROJECT_VERSION = 1;
				GENERATE_INFOPLIST_FILE = YES;
				INFOPLIST_FILE = CryptoTracker/Resources/Info.plist;
				INFOPLIST_KEY_UIApplicationSupportsIndirectInputEvents = YES;
				INFOPLIST_KEY_UILaunchStoryboardName = LaunchScreen;
				INFOPLIST_KEY_UIMainStoryboardFile = Main;
				INFOPLIST_KEY_UISupportedInterfaceOrientations_iPad = "UIInterfaceOrientationPortrait UIInterfaceOrientationPortraitUpsideDown UIInterfaceOrientationLandscapeLeft UIInterfaceOrientationLandscapeRight";
				INFOPLIST_KEY_UISupportedInterfaceOrientations_iPhone = "UIInterfaceOrientationPortrait UIInterfaceOrientationLandscapeLeft UIInterfaceOrientationLandscapeRight";
				LD_RUNPATH_SEARCH_PATHS = (
					"$(inherited)",
					"@executable_path/Frameworks",
				);
				MARKETING_VERSION = 1.0;
				PRODUCT_BUNDLE_IDENTIFIER = superilusha.CryptoTracker;
				PRODUCT_NAME = "$(TARGET_NAME)";
				SWIFT_EMIT_LOC_STRINGS = YES;
				SWIFT_VERSION = 5.0;
				TARGETED_DEVICE_FAMILY = "1,2";
			};
			name = Release;
		};
/* End XCBuildConfiguration section */

/* Begin XCConfigurationList section */
		D0505A7D2A1D88FB00286145 /* Build configuration list for PBXProject "CryptoTracker" */ = {
			isa = XCConfigurationList;
			buildConfigurations = (
				D0505A942A1D88FD00286145 /* Debug */,
				D0505A952A1D88FD00286145 /* Release */,
			);
			defaultConfigurationIsVisible = 0;
			defaultConfigurationName = Release;
		};
		D0505A962A1D88FD00286145 /* Build configuration list for PBXNativeTarget "CryptoTracker" */ = {
			isa = XCConfigurationList;
			buildConfigurations = (
				D0505A972A1D88FD00286145 /* Debug */,
				D0505A982A1D88FD00286145 /* Release */,
			);
			defaultConfigurationIsVisible = 0;
			defaultConfigurationName = Release;
		};
/* End XCConfigurationList section */
	};
	rootObject = D0505A7A2A1D88FB00286145 /* Project object */;
}
